<?xml version="1.0" encoding="utf-8"?>
<Project ToolsVersion="16.0" xmlns="http://schemas.microsoft.com/developer/msbuild/2003">
  <ItemGroup>
    <ClCompile Include="C:\Users\isarl\Documents\VOP\draco\src\draco\compression\bit_coders\adaptive_rans_bit_decoder.cc">
      <Filter>Source Files</Filter>
    </ClCompile>
    <ClCompile Include="C:\Users\isarl\Documents\VOP\draco\src\draco\compression\bit_coders\adaptive_rans_bit_encoder.cc">
      <Filter>Source Files</Filter>
    </ClCompile>
    <ClCompile Include="C:\Users\isarl\Documents\VOP\draco\src\draco\compression\bit_coders\direct_bit_decoder.cc">
      <Filter>Source Files</Filter>
    </ClCompile>
    <ClCompile Include="C:\Users\isarl\Documents\VOP\draco\src\draco\compression\bit_coders\direct_bit_encoder.cc">
      <Filter>Source Files</Filter>
    </ClCompile>
    <ClCompile Include="C:\Users\isarl\Documents\VOP\draco\src\draco\compression\bit_coders\rans_bit_decoder.cc">
      <Filter>Source Files</Filter>
    </ClCompile>
    <ClCompile Include="C:\Users\isarl\Documents\VOP\draco\src\draco\compression\bit_coders\rans_bit_encoder.cc">
      <Filter>Source Files</Filter>
    </ClCompile>
    <ClCompile Include="C:\Users\isarl\Documents\VOP\draco\src\draco\compression\bit_coders\symbol_bit_decoder.cc">
      <Filter>Source Files</Filter>
    </ClCompile>
    <ClCompile Include="C:\Users\isarl\Documents\VOP\draco\src\draco\compression\bit_coders\symbol_bit_encoder.cc">
      <Filter>Source Files</Filter>
    </ClCompile>
  </ItemGroup>
  <ItemGroup>
    <ClInclude Include="C:\Users\isarl\Documents\VOP\draco\src\draco\compression\bit_coders\adaptive_rans_bit_coding_shared.h">
      <Filter>Header Files</Filter>
    </ClInclude>
    <ClInclude Include="C:\Users\isarl\Documents\VOP\draco\src\draco\compression\bit_coders\adaptive_rans_bit_decoder.h">
      <Filter>Header Files</Filter>
    </ClInclude>
    <ClInclude Include="C:\Users\isarl\Documents\VOP\draco\src\draco\compression\bit_coders\adaptive_rans_bit_encoder.h">
      <Filter>Header Files</Filter>
    </ClInclude>
    <ClInclude Include="C:\Users\isarl\Documents\VOP\draco\src\draco\compression\bit_coders\direct_bit_decoder.h">
      <Filter>Header Files</Filter>
    </ClInclude>
    <ClInclude Include="C:\Users\isarl\Documents\VOP\draco\src\draco\compression\bit_coders\direct_bit_encoder.h">
      <Filter>Header Files</Filter>
    </ClInclude>
    <ClInclude Include="C:\Users\isarl\Documents\VOP\draco\src\draco\compression\bit_coders\folded_integer_bit_decoder.h">
      <Filter>Header Files</Filter>
    </ClInclude>
    <ClInclude Include="C:\Users\isarl\Documents\VOP\draco\src\draco\compression\bit_coders\folded_integer_bit_encoder.h">
      <Filter>Header Files</Filter>
    </ClInclude>
    <ClInclude Include="C:\Users\isarl\Documents\VOP\draco\src\draco\compression\bit_coders\rans_bit_decoder.h">
      <Filter>Header Files</Filter>
    </ClInclude>
    <ClInclude Include="C:\Users\isarl\Documents\VOP\draco\src\draco\compression\bit_coders\rans_bit_encoder.h">
      <Filter>Header Files</Filter>
    </ClInclude>
    <ClInclude Include="C:\Users\isarl\Documents\VOP\draco\src\draco\compression\bit_coders\symbol_bit_decoder.h">
      <Filter>Header Files</Filter>
    </ClInclude>
    <ClInclude Include="C:\Users\isarl\Documents\VOP\draco\src\draco\compression\bit_coders\symbol_bit_encoder.h">
      <Filter>Header Files</Filter>
    </ClInclude>
  </ItemGroup>
  <ItemGroup>
    <CustomBuild Include="C:\Users\isarl\Documents\VOP\draco\CMakeLists.txt" />
  </ItemGroup>
  <ItemGroup>
    <Filter Include="Header Files">
      <UniqueIdentifier>{D5B5C640-AC73-380F-ADF1-1B6D7EC3E518}</UniqueIdentifier>
    </Filter>
    <Filter Include="Source Files">
      <UniqueIdentifier>{59AE4582-00A9-3415-BCFD-9E4765B9B88C}</UniqueIdentifier>
    </Filter>
  </ItemGroup>
</Project>
