<?xml version="1.0" encoding="utf-8"?>
<Project ToolsVersion="16.0" xmlns="http://schemas.microsoft.com/developer/msbuild/2003">
  <ItemGroup>
    <ClCompile Include="C:\Users\isarl\Documents\VOP\draco\src\draco\io\file_reader_factory.cc">
      <Filter>Source Files</Filter>
    </ClCompile>
    <ClCompile Include="C:\Users\isarl\Documents\VOP\draco\src\draco\io\file_utils.cc">
      <Filter>Source Files</Filter>
    </ClCompile>
    <ClCompile Include="C:\Users\isarl\Documents\VOP\draco\src\draco\io\file_writer_factory.cc">
      <Filter>Source Files</Filter>
    </ClCompile>
    <ClCompile Include="C:\Users\isarl\Documents\VOP\draco\src\draco\io\file_writer_utils.cc">
      <Filter>Source Files</Filter>
    </ClCompile>
    <ClCompile Include="C:\Users\isarl\Documents\VOP\draco\src\draco\io\mesh_io.cc">
      <Filter>Source Files</Filter>
    </ClCompile>
    <ClCompile Include="C:\Users\isarl\Documents\VOP\draco\src\draco\io\obj_decoder.cc">
      <Filter>Source Files</Filter>
    </ClCompile>
    <ClCompile Include="C:\Users\isarl\Documents\VOP\draco\src\draco\io\obj_encoder.cc">
      <Filter>Source Files</Filter>
    </ClCompile>
    <ClCompile Include="C:\Users\isarl\Documents\VOP\draco\src\draco\io\parser_utils.cc">
      <Filter>Source Files</Filter>
    </ClCompile>
    <ClCompile Include="C:\Users\isarl\Documents\VOP\draco\src\draco\io\ply_decoder.cc">
      <Filter>Source Files</Filter>
    </ClCompile>
    <ClCompile Include="C:\Users\isarl\Documents\VOP\draco\src\draco\io\ply_encoder.cc">
      <Filter>Source Files</Filter>
    </ClCompile>
    <ClCompile Include="C:\Users\isarl\Documents\VOP\draco\src\draco\io\ply_reader.cc">
      <Filter>Source Files</Filter>
    </ClCompile>
    <ClCompile Include="C:\Users\isarl\Documents\VOP\draco\src\draco\io\point_cloud_io.cc">
      <Filter>Source Files</Filter>
    </ClCompile>
    <ClCompile Include="C:\Users\isarl\Documents\VOP\draco\src\draco\io\stdio_file_reader.cc">
      <Filter>Source Files</Filter>
    </ClCompile>
    <ClCompile Include="C:\Users\isarl\Documents\VOP\draco\src\draco\io\stdio_file_writer.cc">
      <Filter>Source Files</Filter>
    </ClCompile>
  </ItemGroup>
  <ItemGroup>
    <ClInclude Include="C:\Users\isarl\Documents\VOP\draco\src\draco\io\file_reader_factory.h">
      <Filter>Header Files</Filter>
    </ClInclude>
    <ClInclude Include="C:\Users\isarl\Documents\VOP\draco\src\draco\io\file_reader_interface.h">
      <Filter>Header Files</Filter>
    </ClInclude>
    <ClInclude Include="C:\Users\isarl\Documents\VOP\draco\src\draco\io\file_utils.h">
      <Filter>Header Files</Filter>
    </ClInclude>
    <ClInclude Include="C:\Users\isarl\Documents\VOP\draco\src\draco\io\file_writer_factory.h">
      <Filter>Header Files</Filter>
    </ClInclude>
    <ClInclude Include="C:\Users\isarl\Documents\VOP\draco\src\draco\io\file_writer_interface.h">
      <Filter>Header Files</Filter>
    </ClInclude>
    <ClInclude Include="C:\Users\isarl\Documents\VOP\draco\src\draco\io\file_writer_utils.h">
      <Filter>Header Files</Filter>
    </ClInclude>
    <ClInclude Include="C:\Users\isarl\Documents\VOP\draco\src\draco\io\mesh_io.h">
      <Filter>Header Files</Filter>
    </ClInclude>
    <ClInclude Include="C:\Users\isarl\Documents\VOP\draco\src\draco\io\obj_decoder.h">
      <Filter>Header Files</Filter>
    </ClInclude>
    <ClInclude Include="C:\Users\isarl\Documents\VOP\draco\src\draco\io\obj_encoder.h">
      <Filter>Header Files</Filter>
    </ClInclude>
    <ClInclude Include="C:\Users\isarl\Documents\VOP\draco\src\draco\io\parser_utils.h">
      <Filter>Header Files</Filter>
    </ClInclude>
    <ClInclude Include="C:\Users\isarl\Documents\VOP\draco\src\draco\io\ply_decoder.h">
      <Filter>Header Files</Filter>
    </ClInclude>
    <ClInclude Include="C:\Users\isarl\Documents\VOP\draco\src\draco\io\ply_encoder.h">
      <Filter>Header Files</Filter>
    </ClInclude>
    <ClInclude Include="C:\Users\isarl\Documents\VOP\draco\src\draco\io\ply_property_reader.h">
      <Filter>Header Files</Filter>
    </ClInclude>
    <ClInclude Include="C:\Users\isarl\Documents\VOP\draco\src\draco\io\ply_property_writer.h">
      <Filter>Header Files</Filter>
    </ClInclude>
    <ClInclude Include="C:\Users\isarl\Documents\VOP\draco\src\draco\io\ply_reader.h">
      <Filter>Header Files</Filter>
    </ClInclude>
    <ClInclude Include="C:\Users\isarl\Documents\VOP\draco\src\draco\io\point_cloud_io.h">
      <Filter>Header Files</Filter>
    </ClInclude>
    <ClInclude Include="C:\Users\isarl\Documents\VOP\draco\src\draco\io\stdio_file_reader.h">
      <Filter>Header Files</Filter>
    </ClInclude>
    <ClInclude Include="C:\Users\isarl\Documents\VOP\draco\src\draco\io\stdio_file_writer.h">
      <Filter>Header Files</Filter>
    </ClInclude>
  </ItemGroup>
  <ItemGroup>
    <CustomBuild Include="C:\Users\isarl\Documents\VOP\draco\CMakeLists.txt" />
  </ItemGroup>
  <ItemGroup>
    <Filter Include="Header Files">
      <UniqueIdentifier>{D5B5C640-AC73-380F-ADF1-1B6D7EC3E518}</UniqueIdentifier>
    </Filter>
    <Filter Include="Source Files">
      <UniqueIdentifier>{59AE4582-00A9-3415-BCFD-9E4765B9B88C}</UniqueIdentifier>
    </Filter>
  </ItemGroup>
</Project>
